{
  "nodes": {
    "nixpkgs": {
      "locked": {
        "lastModified": 1653087707,
        "narHash": "sha256-zfno3snrzZTWQ2B7K53QHrGZwrjnJLTRPalymrSsziU=",
        "path": "/nix/store/3g25cg20m43hvsy17d7nz0jxwk79a77w-source",
        "rev": "cbd40c72b2603ab54e7208f99f9b35fc158bc009",
        "type": "path"
      },
      "original": {
        "id": "nixpkgs",
        "type": "indirect"
      }
    },
    "root": {
      "inputs": {
        "nixpkgs": "nixpkgs"
      }
    }
  },
  "root": "root",
  "version": 7
}
