{
  "nodes": {
    "nixpkgs": {
      "locked": {
        "lastModified": 0,
        "narHash": "sha256-jseM2zvERPZe5yErbc3wrd6wK8gp0f+e18KJngs5qlo=",
        "path": "/nix/store/w1fzjp597gr63yjacfdbr1vi49qk4d2b-source",
        "type": "path"
      },
      "original": {
        "id": "nixpkgs",
        "type": "indirect"
      }
    },
    "root": {
      "inputs": {
        "nixpkgs": "nixpkgs"
      }
    }
  },
  "root": "root",
  "version": 7
}
